
Microsoft Visual Studio Solution File, Format Version 12.00
# Visual Studio Version 17
VisualStudioVersion = 17.0.31717.71
MinimumVisualStudioVersion = 10.0.40219.1
Project("{FAE04EC0-301F-11D3-BF4B-00C04F79EFBC}") = "DragAndDropList", "DragAndDropList\DragAndDropList.csproj", "{1AB8EB31-01AC-4EAE-A3C0-DB3195C6645B}"
EndProject
Global
	GlobalSection(SolutionConfigurationPlatforms) = preSolution
		Debug|Any CPU = Debug|Any CPU
		Release|Any CPU = Release|Any CPU
	EndGlobalSection
	GlobalSection(ProjectConfigurationPlatforms) = postSolution
		{1AB8EB31-01AC-4EAE-A3C0-DB3195C6645B}.Debug|Any CPU.ActiveCfg = Debug|Any CPU
		{1AB8EB31-01AC-4EAE-A3C0-DB3195C6645B}.Debug|Any CPU.Build.0 = Debug|Any CPU
		{1AB8EB31-01AC-4EAE-A3C0-DB3195C6645B}.Release|Any CPU.ActiveCfg = Release|Any CPU
		{1AB8EB31-01AC-4EAE-A3C0-DB3195C6645B}.Release|Any CPU.Build.0 = Release|Any CPU
	EndGlobalSection
	GlobalSection(SolutionProperties) = preSolution
		HideSolutionNode = FALSE
	EndGlobalSection
	GlobalSection(ExtensibilityGlobals) = postSolution
		SolutionGuid = {EED25CD3-E00E-49C9-BAB8-74DA00BEF088}
	EndGlobalSection
EndGlobal
